
Microsoft Visual Studio Solution File, Format Version 12.00
# Visual Studio Version 16
VisualStudioVersion = 16.0.31112.23
MinimumVisualStudioVersion = 10.0.40219.1
Project("{2150E333-8FDC-42A3-9474-1A3956D46DE8}") = "Microservices", "Microservices", "{7484A82B-D177-4426-A51E-B76BD5F43561}"
EndProject
Project("{2150E333-8FDC-42A3-9474-1A3956D46DE8}") = "Domain", "Domain", "{AC3EAE0E-2183-4774-865C-D79561ED8649}"
EndProject
Project("{2150E333-8FDC-42A3-9474-1A3956D46DE8}") = "Infrastructure.Bus", "Infrastructure.Bus", "{15A51ABD-D5BB-49BB-BE6A-745F1F7E80CC}"
EndProject
Project("{2150E333-8FDC-42A3-9474-1A3956D46DE8}") = "Infrastructure.IoC", "Infrastructure.IoC", "{C6F2605C-0080-4AB3-AE95-7FCB1247EBE5}"
EndProject
Project("{2150E333-8FDC-42A3-9474-1A3956D46DE8}") = "Presentation", "Presentation", "{5C24D3F0-0AE0-4B87-BA87-5F64B5742E11}"
EndProject
Project("{9A19103F-16F7-4668-BE54-9A1E7A4F7556}") = "MicroRabbit.Domain.Core", "MicroRabbit.Domain.Core\MicroRabbit.Domain.Core.csproj", "{10B5D82F-9CD1-4F00-ACAA-C45FB142128F}"
EndProject
Project("{9A19103F-16F7-4668-BE54-9A1E7A4F7556}") = "MicroRabbit.Infrastructure.Bus", "MicroRabbit.Infrastructure.Bus\MicroRabbit.Infrastructure.Bus.csproj", "{62BF32B8-6493-4B67-AC61-E2288ED6C0A4}"
EndProject
Project("{9A19103F-16F7-4668-BE54-9A1E7A4F7556}") = "MicroRabbit.Infrastructure.IoC", "MicroRabbit.Infrastructure.IoC\MicroRabbit.Infrastructure.IoC.csproj", "{3F15813F-3C33-4A5E-B5B4-F954A8898385}"
EndProject
Project("{2150E333-8FDC-42A3-9474-1A3956D46DE8}") = "Banking", "Banking", "{F2897F69-7FF2-4BBE-BD00-E400A252F7B8}"
EndProject
Project("{2150E333-8FDC-42A3-9474-1A3956D46DE8}") = "Api", "Api", "{8B51D740-4792-4E3E-8D3C-C4B43B82B04A}"
EndProject
Project("{2150E333-8FDC-42A3-9474-1A3956D46DE8}") = "Domain", "Domain", "{7CBEE017-D5A3-48E8-9C51-7B37C3EA7CFB}"
EndProject
Project("{2150E333-8FDC-42A3-9474-1A3956D46DE8}") = "Data", "Data", "{E6200A8E-BC17-4FCD-9947-548AB25062AB}"
EndProject
Project("{2150E333-8FDC-42A3-9474-1A3956D46DE8}") = "Application", "Application", "{ADFDF191-3A33-4D0D-99BB-5FC9BD3E59C7}"
EndProject
Project("{FAE04EC0-301F-11D3-BF4B-00C04F79EFBC}") = "MicroRabbit.Banking.Api", "MicroRabbit.Banking.Api\MicroRabbit.Banking.Api.csproj", "{854B2404-CCB4-4319-94BD-A1CB0845784F}"
EndProject
Project("{FAE04EC0-301F-11D3-BF4B-00C04F79EFBC}") = "MicroRabbit.Banking.Application", "MicroRabbit.Banking.Application\MicroRabbit.Banking.Application.csproj", "{8A8A9469-5E33-4B00-B80E-AE5F02C29E14}"
EndProject
Project("{FAE04EC0-301F-11D3-BF4B-00C04F79EFBC}") = "MicroRabbit.Banking.Data", "MicroRabbit.Banking.Data\MicroRabbit.Banking.Data.csproj", "{1C601BF9-C4A7-46B7-8EB7-8458E90AA703}"
EndProject
Project("{FAE04EC0-301F-11D3-BF4B-00C04F79EFBC}") = "MicroRabbit.Banking.Domain", "MicroRabbit.Banking.Domain\MicroRabbit.Banking.Domain.csproj", "{E3CA407F-78C6-43D2-ACF9-160B81D3590E}"
EndProject
Global
	GlobalSection(SolutionConfigurationPlatforms) = preSolution
		Debug|Any CPU = Debug|Any CPU
		Release|Any CPU = Release|Any CPU
	EndGlobalSection
	GlobalSection(ProjectConfigurationPlatforms) = postSolution
		{10B5D82F-9CD1-4F00-ACAA-C45FB142128F}.Debug|Any CPU.ActiveCfg = Debug|Any CPU
		{10B5D82F-9CD1-4F00-ACAA-C45FB142128F}.Debug|Any CPU.Build.0 = Debug|Any CPU
		{10B5D82F-9CD1-4F00-ACAA-C45FB142128F}.Release|Any CPU.ActiveCfg = Release|Any CPU
		{10B5D82F-9CD1-4F00-ACAA-C45FB142128F}.Release|Any CPU.Build.0 = Release|Any CPU
		{62BF32B8-6493-4B67-AC61-E2288ED6C0A4}.Debug|Any CPU.ActiveCfg = Debug|Any CPU
		{62BF32B8-6493-4B67-AC61-E2288ED6C0A4}.Debug|Any CPU.Build.0 = Debug|Any CPU
		{62BF32B8-6493-4B67-AC61-E2288ED6C0A4}.Release|Any CPU.ActiveCfg = Release|Any CPU
		{62BF32B8-6493-4B67-AC61-E2288ED6C0A4}.Release|Any CPU.Build.0 = Release|Any CPU
		{3F15813F-3C33-4A5E-B5B4-F954A8898385}.Debug|Any CPU.ActiveCfg = Debug|Any CPU
		{3F15813F-3C33-4A5E-B5B4-F954A8898385}.Debug|Any CPU.Build.0 = Debug|Any CPU
		{3F15813F-3C33-4A5E-B5B4-F954A8898385}.Release|Any CPU.ActiveCfg = Release|Any CPU
		{3F15813F-3C33-4A5E-B5B4-F954A8898385}.Release|Any CPU.Build.0 = Release|Any CPU
		{854B2404-CCB4-4319-94BD-A1CB0845784F}.Debug|Any CPU.ActiveCfg = Debug|Any CPU
		{854B2404-CCB4-4319-94BD-A1CB0845784F}.Debug|Any CPU.Build.0 = Debug|Any CPU
		{854B2404-CCB4-4319-94BD-A1CB0845784F}.Release|Any CPU.ActiveCfg = Release|Any CPU
		{854B2404-CCB4-4319-94BD-A1CB0845784F}.Release|Any CPU.Build.0 = Release|Any CPU
		{8A8A9469-5E33-4B00-B80E-AE5F02C29E14}.Debug|Any CPU.ActiveCfg = Debug|Any CPU
		{8A8A9469-5E33-4B00-B80E-AE5F02C29E14}.Debug|Any CPU.Build.0 = Debug|Any CPU
		{8A8A9469-5E33-4B00-B80E-AE5F02C29E14}.Release|Any CPU.ActiveCfg = Release|Any CPU
		{8A8A9469-5E33-4B00-B80E-AE5F02C29E14}.Release|Any CPU.Build.0 = Release|Any CPU
		{1C601BF9-C4A7-46B7-8EB7-8458E90AA703}.Debug|Any CPU.ActiveCfg = Debug|Any CPU
		{1C601BF9-C4A7-46B7-8EB7-8458E90AA703}.Debug|Any CPU.Build.0 = Debug|Any CPU
		{1C601BF9-C4A7-46B7-8EB7-8458E90AA703}.Release|Any CPU.ActiveCfg = Release|Any CPU
		{1C601BF9-C4A7-46B7-8EB7-8458E90AA703}.Release|Any CPU.Build.0 = Release|Any CPU
		{E3CA407F-78C6-43D2-ACF9-160B81D3590E}.Debug|Any CPU.ActiveCfg = Debug|Any CPU
		{E3CA407F-78C6-43D2-ACF9-160B81D3590E}.Debug|Any CPU.Build.0 = Debug|Any CPU
		{E3CA407F-78C6-43D2-ACF9-160B81D3590E}.Release|Any CPU.ActiveCfg = Release|Any CPU
		{E3CA407F-78C6-43D2-ACF9-160B81D3590E}.Release|Any CPU.Build.0 = Release|Any CPU
	EndGlobalSection
	GlobalSection(SolutionProperties) = preSolution
		HideSolutionNode = FALSE
	EndGlobalSection
	GlobalSection(NestedProjects) = preSolution
		{10B5D82F-9CD1-4F00-ACAA-C45FB142128F} = {AC3EAE0E-2183-4774-865C-D79561ED8649}
		{62BF32B8-6493-4B67-AC61-E2288ED6C0A4} = {15A51ABD-D5BB-49BB-BE6A-745F1F7E80CC}
		{3F15813F-3C33-4A5E-B5B4-F954A8898385} = {C6F2605C-0080-4AB3-AE95-7FCB1247EBE5}
		{F2897F69-7FF2-4BBE-BD00-E400A252F7B8} = {7484A82B-D177-4426-A51E-B76BD5F43561}
		{8B51D740-4792-4E3E-8D3C-C4B43B82B04A} = {F2897F69-7FF2-4BBE-BD00-E400A252F7B8}
		{7CBEE017-D5A3-48E8-9C51-7B37C3EA7CFB} = {F2897F69-7FF2-4BBE-BD00-E400A252F7B8}
		{E6200A8E-BC17-4FCD-9947-548AB25062AB} = {F2897F69-7FF2-4BBE-BD00-E400A252F7B8}
		{ADFDF191-3A33-4D0D-99BB-5FC9BD3E59C7} = {F2897F69-7FF2-4BBE-BD00-E400A252F7B8}
		{854B2404-CCB4-4319-94BD-A1CB0845784F} = {8B51D740-4792-4E3E-8D3C-C4B43B82B04A}
		{8A8A9469-5E33-4B00-B80E-AE5F02C29E14} = {ADFDF191-3A33-4D0D-99BB-5FC9BD3E59C7}
		{1C601BF9-C4A7-46B7-8EB7-8458E90AA703} = {E6200A8E-BC17-4FCD-9947-548AB25062AB}
		{E3CA407F-78C6-43D2-ACF9-160B81D3590E} = {7CBEE017-D5A3-48E8-9C51-7B37C3EA7CFB}
	EndGlobalSection
	GlobalSection(ExtensibilityGlobals) = postSolution
		SolutionGuid = {BAE1E01F-5327-46B1-9930-49220F328BD4}
	EndGlobalSection
EndGlobal
